
Microsoft Visual Studio Solution File, Format Version 12.00
# Visual Studio Version 17
VisualStudioVersion = 17.8.34309.116
MinimumVisualStudioVersion = 10.0.40219.1
Project("{FAE04EC0-301F-11D3-BF4B-00C04F79EFBC}") = "EWS", "EWS\EWS.csproj", "{565FD9C0-09A1-40F7-BFA8-27A893394B60}"
EndProject
Project("{FAE04EC0-301F-11D3-BF4B-00C04F79EFBC}") = "UnitTestProject", "UnitTestProject\UnitTestProject.csproj", "{F28C0B1E-7206-4A25-B877-7A955F15576D}"
EndProject
Global
	GlobalSection(SolutionConfigurationPlatforms) = preSolution
		Debug|Any CPU = Debug|Any CPU
		Release|Any CPU = Release|Any CPU
	EndGlobalSection
	GlobalSection(ProjectConfigurationPlatforms) = postSolution
		{565FD9C0-09A1-40F7-BFA8-27A893394B60}.Debug|Any CPU.ActiveCfg = Debug|Any CPU
		{565FD9C0-09A1-40F7-BFA8-27A893394B60}.Debug|Any CPU.Build.0 = Debug|Any CPU
		{565FD9C0-09A1-40F7-BFA8-27A893394B60}.Release|Any CPU.ActiveCfg = Release|Any CPU
		{565FD9C0-09A1-40F7-BFA8-27A893394B60}.Release|Any CPU.Build.0 = Release|Any CPU
		{F28C0B1E-7206-4A25-B877-7A955F15576D}.Debug|Any CPU.ActiveCfg = Debug|Any CPU
		{F28C0B1E-7206-4A25-B877-7A955F15576D}.Debug|Any CPU.Build.0 = Debug|Any CPU
		{F28C0B1E-7206-4A25-B877-7A955F15576D}.Release|Any CPU.ActiveCfg = Release|Any CPU
		{F28C0B1E-7206-4A25-B877-7A955F15576D}.Release|Any CPU.Build.0 = Release|Any CPU
	EndGlobalSection
	GlobalSection(SolutionProperties) = preSolution
		HideSolutionNode = FALSE
	EndGlobalSection
	GlobalSection(ExtensibilityGlobals) = postSolution
		SolutionGuid = {AD1B1129-51A6-47B3-B56C-0A0517AB9519}
	EndGlobalSection
EndGlobal
